
Microsoft Visual Studio Solution File, Format Version 9.00
# Visual Studio 2005
Project("{8BC9CEB8-8B4A-11D0-8D11-00A0C91BC942}") = "Extension.Parser.ABR", "Extension.Parser.ABR.vcproj", "{43E70B96-81FF-40F4-B2A3-9C2CFAAB318F}"
EndProject
Project("{8BC9CEB8-8B4A-11D0-8D11-00A0C91BC942}") = "Extension.Viewer.ABR", "..\Extension.Viewer.ABR\Extension.Viewer.ABR.vcproj", "{DED1D740-51C5-4D2A-B209-B0372DA5C704}"
EndProject
Global
	GlobalSection(TeamFoundationVersionControl) = preSolution
		SccNumberOfProjects = 3
		SccEnterpriseProvider = {4CA58AB2-18FA-4F8D-95D4-32DDF27D184C}
		SccTeamFoundationServer = https://tfs.codeplex.com/tfs/TFS14
		SccLocalPath0 = .
		SccProjectUniqueName1 = Extension.Parser.ABR.vcproj
		SccLocalPath1 = .
		SccProjectUniqueName2 = ..\\Extension.Viewer.ABR\\Extension.Viewer.ABR.vcproj
		SccProjectName2 = ../Extension.Viewer.ABR
		SccLocalPath2 = ..\\Extension.Viewer.ABR
	EndGlobalSection
	GlobalSection(SolutionConfigurationPlatforms) = preSolution
		Debug|Win32 = Debug|Win32
		Release|Win32 = Release|Win32
	EndGlobalSection
	GlobalSection(ProjectConfigurationPlatforms) = postSolution
		{43E70B96-81FF-40F4-B2A3-9C2CFAAB318F}.Debug|Win32.ActiveCfg = Debug|Win32
		{43E70B96-81FF-40F4-B2A3-9C2CFAAB318F}.Debug|Win32.Build.0 = Debug|Win32
		{43E70B96-81FF-40F4-B2A3-9C2CFAAB318F}.Release|Win32.ActiveCfg = Release|Win32
		{43E70B96-81FF-40F4-B2A3-9C2CFAAB318F}.Release|Win32.Build.0 = Release|Win32
		{DED1D740-51C5-4D2A-B209-B0372DA5C704}.Debug|Win32.ActiveCfg = Debug|Win32
		{DED1D740-51C5-4D2A-B209-B0372DA5C704}.Debug|Win32.Build.0 = Debug|Win32
		{DED1D740-51C5-4D2A-B209-B0372DA5C704}.Release|Win32.ActiveCfg = Release|Win32
		{DED1D740-51C5-4D2A-B209-B0372DA5C704}.Release|Win32.Build.0 = Release|Win32
	EndGlobalSection
	GlobalSection(SolutionProperties) = preSolution
		HideSolutionNode = FALSE
	EndGlobalSection
EndGlobal
